
Microsoft Visual Studio Solution File, Format Version 12.00
# Visual Studio Version 16
VisualStudioVersion = 16.0.29709.97
MinimumVisualStudioVersion = 10.0.40219.1
Project("{9A19103F-16F7-4668-BE54-9A1E7A4F7556}") = "WebApplication1", "WebApplication1\WebApplication1.csproj", "{5BFC6CF7-99C5-490C-A110-29EB3460F180}"
EndProject
Global
	GlobalSection(SolutionConfigurationPlatforms) = preSolution
		Debug|Any CPU = Debug|Any CPU
		Release|Any CPU = Release|Any CPU
	EndGlobalSection
	GlobalSection(ProjectConfigurationPlatforms) = postSolution
		{5BFC6CF7-99C5-490C-A110-29EB3460F180}.Debug|Any CPU.ActiveCfg = Debug|Any CPU
		{5BFC6CF7-99C5-490C-A110-29EB3460F180}.Debug|Any CPU.Build.0 = Debug|Any CPU
		{5BFC6CF7-99C5-490C-A110-29EB3460F180}.Release|Any CPU.ActiveCfg = Release|Any CPU
		{5BFC6CF7-99C5-490C-A110-29EB3460F180}.Release|Any CPU.Build.0 = Release|Any CPU
	EndGlobalSection
	GlobalSection(SolutionProperties) = preSolution
		HideSolutionNode = FALSE
	EndGlobalSection
	GlobalSection(ExtensibilityGlobals) = postSolution
		SolutionGuid = {EF3AA7D0-C901-42DA-ACE9-FB2F4CB7595D}
	EndGlobalSection
EndGlobal
